[[package]]
name = "dnspython"
version = "2.4.1"
description = "DNS toolkit"
category = "main"
optional = false
python-versions = ">=3.8,<4.0"

[package.extras]
doq = ["aioquic (>=0.9.20)"]
dnssec = ["cryptography (>=2.6,<42.0)"]
doh = ["h2 (>=4.1.0)", "httpcore (>=0.17.3)", "httpx (>=0.24.1)"]
idna = ["idna (>=2.1,<4.0)"]
trio = ["trio (>=0.14,<0.23)"]
wmi = ["wmi (>=1.5.1,<2.0.0)"]

[[package]]
name = "pymongo"
version = "4.4.1"
description = "Python driver for MongoDB <http://www.mongodb.org>"
category = "main"
optional = false
python-versions = ">=3.7"

[package.dependencies]
dnspython = ">=1.16.0,<3.0.0"

[package.extras]
aws = ["pymongo-auth-aws (<2.0.0)"]
encryption = ["pymongocrypt (>=1.6.0,<2.0.0)", "pymongo-auth-aws (<2.0.0)"]
gssapi = ["pykerberos"]
ocsp = ["pyopenssl (>=17.2.0)", "requests (<3.0.0)", "service-identity (>=18.1.0)", "certifi"]
snappy = ["python-snappy"]
zstd = ["zstandard"]

[metadata]
lock-version = "1.1"
python-versions = "^3.10"
content-hash = "49d81e5d7fbc643cc53084b629fb5c8621f5e7b4fcb1f850c7d0e18e35492492"

[metadata.files]
dnspython = []
pymongo = []
